
Microsoft Visual Studio Solution File, Format Version 12.00
# Visual Studio Version 17
VisualStudioVersion = 17.13.35825.156 d17.13
MinimumVisualStudioVersion = 10.0.40219.1
Project("{F184B08F-C81C-45F6-A57F-5ABD9991F28F}") = "MoodBloom", "MoodBloom.vbproj", "{884637E8-82D8-420C-B8BC-C826FF80B9DB}"
EndProject
Global
	GlobalSection(SolutionConfigurationPlatforms) = preSolution
		Debug|Any CPU = Debug|Any CPU
		Release|Any CPU = Release|Any CPU
	EndGlobalSection
	GlobalSection(ProjectConfigurationPlatforms) = postSolution
		{884637E8-82D8-420C-B8BC-C826FF80B9DB}.Debug|Any CPU.ActiveCfg = Debug|Any CPU
		{884637E8-82D8-420C-B8BC-C826FF80B9DB}.Debug|Any CPU.Build.0 = Debug|Any CPU
		{884637E8-82D8-420C-B8BC-C826FF80B9DB}.Release|Any CPU.ActiveCfg = Release|Any CPU
		{884637E8-82D8-420C-B8BC-C826FF80B9DB}.Release|Any CPU.Build.0 = Release|Any CPU
	EndGlobalSection
	GlobalSection(SolutionProperties) = preSolution
		HideSolutionNode = FALSE
	EndGlobalSection
	GlobalSection(ExtensibilityGlobals) = postSolution
		SolutionGuid = {587674F7-2201-4523-B191-16CC03BC16DC}
	EndGlobalSection
EndGlobal
